
Microsoft Visual Studio Solution File, Format Version 12.00
# Visual Studio Version 17
VisualStudioVersion = 17.0.31903.59
MinimumVisualStudioVersion = 10.0.40219.1
Project("{FAE04EC0-301F-11D3-BF4B-00C04F79EFBC}") = "Experimental", "Experimental\Experimental.csproj", "{94C5A89E-80B7-4F82-94F1-3D1335242AEA}"
EndProject
Project("{FAE04EC0-301F-11D3-BF4B-00C04F79EFBC}") = "HiddenCursor", "HiddenCursor\HiddenCursor.csproj", "{51216CD2-9AC0-4456-AD70-A8FC4CA3382B}"
EndProject
Project("{FAE04EC0-301F-11D3-BF4B-00C04F79EFBC}") = "OptionalOptions", "OptionalOptions\OptionalOptions.csproj", "{78BA9416-DE9B-4E36-8956-F3B149EBA5D8}"
EndProject
Global
	GlobalSection(SolutionConfigurationPlatforms) = preSolution
		Debug|Any CPU = Debug|Any CPU
		Release|Any CPU = Release|Any CPU
	EndGlobalSection
	GlobalSection(SolutionProperties) = preSolution
		HideSolutionNode = FALSE
	EndGlobalSection
	GlobalSection(ProjectConfigurationPlatforms) = postSolution
		{94C5A89E-80B7-4F82-94F1-3D1335242AEA}.Debug|Any CPU.ActiveCfg = Debug|Any CPU
		{94C5A89E-80B7-4F82-94F1-3D1335242AEA}.Debug|Any CPU.Build.0 = Debug|Any CPU
		{94C5A89E-80B7-4F82-94F1-3D1335242AEA}.Release|Any CPU.ActiveCfg = Release|Any CPU
		{94C5A89E-80B7-4F82-94F1-3D1335242AEA}.Release|Any CPU.Build.0 = Release|Any CPU
		{51216CD2-9AC0-4456-AD70-A8FC4CA3382B}.Debug|Any CPU.ActiveCfg = Debug|Any CPU
		{51216CD2-9AC0-4456-AD70-A8FC4CA3382B}.Debug|Any CPU.Build.0 = Debug|Any CPU
		{51216CD2-9AC0-4456-AD70-A8FC4CA3382B}.Release|Any CPU.ActiveCfg = Release|Any CPU
		{51216CD2-9AC0-4456-AD70-A8FC4CA3382B}.Release|Any CPU.Build.0 = Release|Any CPU
		{78BA9416-DE9B-4E36-8956-F3B149EBA5D8}.Debug|Any CPU.ActiveCfg = Debug|Any CPU
		{78BA9416-DE9B-4E36-8956-F3B149EBA5D8}.Debug|Any CPU.Build.0 = Debug|Any CPU
		{78BA9416-DE9B-4E36-8956-F3B149EBA5D8}.Release|Any CPU.ActiveCfg = Release|Any CPU
		{78BA9416-DE9B-4E36-8956-F3B149EBA5D8}.Release|Any CPU.Build.0 = Release|Any CPU
	EndGlobalSection
EndGlobal
